
Microsoft Visual Studio Solution File, Format Version 12.00
# Visual Studio Version 16
VisualStudioVersion = 16.0.32602.290
MinimumVisualStudioVersion = 10.0.40219.1
Project("{FAE04EC0-301F-11D3-BF4B-00C04F79EFBC}") = "Tema2-AdivinaNumero", "Tema2-AdivinaNumero\Tema2-AdivinaNumero.csproj", "{18F47D01-9648-4909-A8DC-85458D2C9045}"
EndProject
Global
	GlobalSection(SolutionConfigurationPlatforms) = preSolution
		Debug|Any CPU = Debug|Any CPU
		Release|Any CPU = Release|Any CPU
	EndGlobalSection
	GlobalSection(ProjectConfigurationPlatforms) = postSolution
		{18F47D01-9648-4909-A8DC-85458D2C9045}.Debug|Any CPU.ActiveCfg = Debug|Any CPU
		{18F47D01-9648-4909-A8DC-85458D2C9045}.Debug|Any CPU.Build.0 = Debug|Any CPU
		{18F47D01-9648-4909-A8DC-85458D2C9045}.Release|Any CPU.ActiveCfg = Release|Any CPU
		{18F47D01-9648-4909-A8DC-85458D2C9045}.Release|Any CPU.Build.0 = Release|Any CPU
	EndGlobalSection
	GlobalSection(SolutionProperties) = preSolution
		HideSolutionNode = FALSE
	EndGlobalSection
	GlobalSection(ExtensibilityGlobals) = postSolution
		SolutionGuid = {6B0C52AC-5D17-4A28-9A55-A32D020A3CBF}
	EndGlobalSection
EndGlobal
